{
  "name": "manus-persistent-drive",
  "lockfileVersion": 3,
  "requires": true,
  "packages": {
    "": {
      "dependencies": {
        "@ruvector/graph-node": "^2.0.4"
      }
    },
    "node_modules/@ruvector/graph-node": {
      "version": "2.0.4",
      "resolved": "https://registry.npmjs.org/@ruvector/graph-node/-/graph-node-2.0.4.tgz",
      "integrity": "sha512-pPUbQBF+Otnpd5YNgiQl3eaRsivi6NougS0hSmYbCd5i9gMJrr5u7oXL8pHwL/D9YbNKEkeIclhN6zu1rg5aUA==",
      "license": "MIT",
      "engines": {
        "node": ">=18.0.0"
      },
      "optionalDependencies": {
        "@ruvector/graph-node-darwin-arm64": "2.0.4",
        "@ruvector/graph-node-darwin-x64": "2.0.4",
        "@ruvector/graph-node-linux-arm64-gnu": "2.0.4",
        "@ruvector/graph-node-linux-x64-gnu": "2.0.4",
        "@ruvector/graph-node-win32-x64-msvc": "2.0.4"
      }
    },
    "node_modules/@ruvector/graph-node-darwin-arm64": {
      "version": "2.0.4",
      "resolved": "https://registry.npmjs.org/@ruvector/graph-node-darwin-arm64/-/graph-node-darwin-arm64-2.0.4.tgz",
      "integrity": "sha512-9YBCI4JFDNCGSDzSApZng3yjdAb7u3Rq2Fn4yyuGbHy26fEie9TqfFDNQ7d+uK6mPcxDVJDCPnIOKcHnFsyMBQ==",
      "cpu": [
        "arm64"
      ],
      "license": "MIT",
      "optional": true,
      "os": [
        "darwin"
      ],
      "engines": {
        "node": ">=18.0.0"
      }
    },
    "node_modules/@ruvector/graph-node-darwin-x64": {
      "version": "2.0.4",
      "resolved": "https://registry.npmjs.org/@ruvector/graph-node-darwin-x64/-/graph-node-darwin-x64-2.0.4.tgz",
      "integrity": "sha512-WW07+HmIdbv3jij2tqRWbkJt5m6uR76PXDosIwOkwBjyLbV3Ck5kSW5DONctA6cOQuTEeCcOo9sIKqr3J/f2pQ==",
      "cpu": [
        "x64"
      ],
      "license": "MIT",
      "optional": true,
      "os": [
        "darwin"
      ],
      "engines": {
        "node": ">=18.0.0"
      }
    },
    "node_modules/@ruvector/graph-node-linux-arm64-gnu": {
      "version": "2.0.4",
      "resolved": "https://registry.npmjs.org/@ruvector/graph-node-linux-arm64-gnu/-/graph-node-linux-arm64-gnu-2.0.4.tgz",
      "integrity": "sha512-Z5OatE8CzaVCq5vgGOmowVSKOLxYvO1Dn0rvFL4d63fEvVONDpsVAMkR7rxRGHrgzMZMfpZ9EjZ0vu0KR08tRQ==",
      "cpu": [
        "arm64"
      ],
      "license": "MIT",
      "optional": true,
      "os": [
        "linux"
      ],
      "engines": {
        "node": ">=18.0.0"
      }
    },
    "node_modules/@ruvector/graph-node-linux-x64-gnu": {
      "version": "2.0.4",
      "resolved": "https://registry.npmjs.org/@ruvector/graph-node-linux-x64-gnu/-/graph-node-linux-x64-gnu-2.0.4.tgz",
      "integrity": "sha512-RAdkLcB1gjEQcIsCxmSGHSOBbnUbCn7If8H9YrOqy5xxvmTVE25tkM49fpRRK3oINWJ9oQDBsAZr7GXKQZoLig==",
      "cpu": [
        "x64"
      ],
      "license": "MIT",
      "optional": true,
      "os": [
        "linux"
      ],
      "engines": {
        "node": ">=18.0.0"
      }
    },
    "node_modules/@ruvector/graph-node-win32-x64-msvc": {
      "version": "2.0.4",
      "resolved": "https://registry.npmjs.org/@ruvector/graph-node-win32-x64-msvc/-/graph-node-win32-x64-msvc-2.0.4.tgz",
      "integrity": "sha512-+z2uyfiPmbELGjwvo5RfDSjHTJWZWQQDxDYLAnnfqV9a0oM1VklRe34t97pvGg7tdCXgEpnR6yWk3OZRemQUEQ==",
      "cpu": [
        "x64"
      ],
      "license": "MIT",
      "optional": true,
      "os": [
        "win32"
      ],
      "engines": {
        "node": ">=18.0.0"
      }
    }
  }
}
